
Microsoft Visual Studio Solution File, Format Version 12.00
# Visual Studio Version 17
VisualStudioVersion = 17.5.33530.505
MinimumVisualStudioVersion = 10.0.40219.1
Project("{9A19103F-16F7-4668-BE54-9A1E7A4F7556}") = "SyntaxGenDotNet", "SyntaxGenDotNet\SyntaxGenDotNet.csproj", "{EBAAE0E7-11DC-4B87-ADF5-61B18A1FCACC}"
EndProject
Project("{2150E333-8FDC-42A3-9474-1A3956D46DE8}") = "Solution Items", "Solution Items", "{66085CE2-AEC1-40EA-A723-3E85132D37E4}"
	ProjectSection(SolutionItems) = preProject
		.editorconfig = .editorconfig
		.gitignore = .gitignore
		branding_Banner.png = branding_Banner.png
		branding_Social.png = branding_Social.png
		LICENSE.md = LICENSE.md
		README.md = README.md
		Directory.Build.props = Directory.Build.props
	EndProjectSection
EndProject
Project("{FAE04EC0-301F-11D3-BF4B-00C04F79EFBC}") = "SyntaxGenDotNet.OutputTest", "SyntaxGenDotNet.OutputTest\SyntaxGenDotNet.OutputTest.csproj", "{47A57804-978D-4F65-ADA1-FBA3DEDCC76A}"
EndProject
Project("{FAE04EC0-301F-11D3-BF4B-00C04F79EFBC}") = "SyntaxGenDotNet.CSharp", "Languages\SyntaxGenDotNet.CSharp\SyntaxGenDotNet.CSharp.csproj", "{BF741F42-243C-4E4F-940C-B7C340DBA874}"
EndProject
Project("{F184B08F-C81C-45F6-A57F-5ABD9991F28F}") = "SyntaxGenDotNet.VisualBasic", "Languages\SyntaxGenDotNet.VisualBasic\SyntaxGenDotNet.VisualBasic.vbproj", "{904E4925-1789-4ECF-9DBC-7EAB3CBADF4F}"
EndProject
Project("{FAE04EC0-301F-11D3-BF4B-00C04F79EFBC}") = "SyntaxGenDotNet.CIL", "Languages\SyntaxGenDotNet.CIL\SyntaxGenDotNet.CIL.csproj", "{E9F77221-BC50-4A6B-89BC-139EC5AAEA86}"
EndProject
Project("{FAE04EC0-301F-11D3-BF4B-00C04F79EFBC}") = "SyntaxGenDotNet.CppCLI", "Languages\SyntaxGenDotNet.CppCLI\SyntaxGenDotNet.CppCLI.csproj", "{ACDC340A-D5D9-4AC9-B31D-682EB31C9765}"
EndProject
Project("{FAE04EC0-301F-11D3-BF4B-00C04F79EFBC}") = "SyntaxGenDotNet.FSharp", "Languages\SyntaxGenDotNet.FSharp\SyntaxGenDotNet.FSharp.csproj", "{BB259937-B1E7-4E63-9938-A3C93873F9B0}"
EndProject
Project("{2150E333-8FDC-42A3-9474-1A3956D46DE8}") = "Workflows", "Workflows", "{142A6092-A5CB-4D20-908C-55A58CC33445}"
	ProjectSection(SolutionItems) = preProject
		.github\workflows\dotnet.yml = .github\workflows\dotnet.yml
		.github\workflows\nightly.yml = .github\workflows\nightly.yml
		.github\workflows\prerelease.yml = .github\workflows\prerelease.yml
		.github\workflows\release.yml = .github\workflows\release.yml
	EndProjectSection
EndProject
Project("{2150E333-8FDC-42A3-9474-1A3956D46DE8}") = "Languages", "Languages", "{0FC7D30D-BAC8-467C-90BC-CDDE67C8475B}"
	ProjectSection(SolutionItems) = preProject
		Languages\Directory.Build.props = Languages\Directory.Build.props
	EndProjectSection
EndProject
Global
	GlobalSection(SolutionConfigurationPlatforms) = preSolution
		Debug|Any CPU = Debug|Any CPU
		Debug|x64 = Debug|x64
		Debug|x86 = Debug|x86
		Release|Any CPU = Release|Any CPU
		Release|x64 = Release|x64
		Release|x86 = Release|x86
	EndGlobalSection
	GlobalSection(ProjectConfigurationPlatforms) = postSolution
		{EBAAE0E7-11DC-4B87-ADF5-61B18A1FCACC}.Debug|Any CPU.ActiveCfg = Debug|Any CPU
		{EBAAE0E7-11DC-4B87-ADF5-61B18A1FCACC}.Debug|Any CPU.Build.0 = Debug|Any CPU
		{EBAAE0E7-11DC-4B87-ADF5-61B18A1FCACC}.Debug|x64.ActiveCfg = Debug|Any CPU
		{EBAAE0E7-11DC-4B87-ADF5-61B18A1FCACC}.Debug|x64.Build.0 = Debug|Any CPU
		{EBAAE0E7-11DC-4B87-ADF5-61B18A1FCACC}.Debug|x86.ActiveCfg = Debug|Any CPU
		{EBAAE0E7-11DC-4B87-ADF5-61B18A1FCACC}.Debug|x86.Build.0 = Debug|Any CPU
		{EBAAE0E7-11DC-4B87-ADF5-61B18A1FCACC}.Release|Any CPU.ActiveCfg = Release|Any CPU
		{EBAAE0E7-11DC-4B87-ADF5-61B18A1FCACC}.Release|Any CPU.Build.0 = Release|Any CPU
		{EBAAE0E7-11DC-4B87-ADF5-61B18A1FCACC}.Release|x64.ActiveCfg = Release|Any CPU
		{EBAAE0E7-11DC-4B87-ADF5-61B18A1FCACC}.Release|x64.Build.0 = Release|Any CPU
		{EBAAE0E7-11DC-4B87-ADF5-61B18A1FCACC}.Release|x86.ActiveCfg = Release|Any CPU
		{EBAAE0E7-11DC-4B87-ADF5-61B18A1FCACC}.Release|x86.Build.0 = Release|Any CPU
		{47A57804-978D-4F65-ADA1-FBA3DEDCC76A}.Debug|Any CPU.ActiveCfg = Debug|Any CPU
		{47A57804-978D-4F65-ADA1-FBA3DEDCC76A}.Debug|Any CPU.Build.0 = Debug|Any CPU
		{47A57804-978D-4F65-ADA1-FBA3DEDCC76A}.Debug|x64.ActiveCfg = Debug|Any CPU
		{47A57804-978D-4F65-ADA1-FBA3DEDCC76A}.Debug|x64.Build.0 = Debug|Any CPU
		{47A57804-978D-4F65-ADA1-FBA3DEDCC76A}.Debug|x86.ActiveCfg = Debug|Any CPU
		{47A57804-978D-4F65-ADA1-FBA3DEDCC76A}.Debug|x86.Build.0 = Debug|Any CPU
		{47A57804-978D-4F65-ADA1-FBA3DEDCC76A}.Release|Any CPU.ActiveCfg = Release|Any CPU
		{47A57804-978D-4F65-ADA1-FBA3DEDCC76A}.Release|Any CPU.Build.0 = Release|Any CPU
		{47A57804-978D-4F65-ADA1-FBA3DEDCC76A}.Release|x64.ActiveCfg = Release|Any CPU
		{47A57804-978D-4F65-ADA1-FBA3DEDCC76A}.Release|x64.Build.0 = Release|Any CPU
		{47A57804-978D-4F65-ADA1-FBA3DEDCC76A}.Release|x86.ActiveCfg = Release|Any CPU
		{47A57804-978D-4F65-ADA1-FBA3DEDCC76A}.Release|x86.Build.0 = Release|Any CPU
		{BF741F42-243C-4E4F-940C-B7C340DBA874}.Debug|Any CPU.ActiveCfg = Debug|Any CPU
		{BF741F42-243C-4E4F-940C-B7C340DBA874}.Debug|Any CPU.Build.0 = Debug|Any CPU
		{BF741F42-243C-4E4F-940C-B7C340DBA874}.Debug|x64.ActiveCfg = Debug|Any CPU
		{BF741F42-243C-4E4F-940C-B7C340DBA874}.Debug|x64.Build.0 = Debug|Any CPU
		{BF741F42-243C-4E4F-940C-B7C340DBA874}.Debug|x86.ActiveCfg = Debug|Any CPU
		{BF741F42-243C-4E4F-940C-B7C340DBA874}.Debug|x86.Build.0 = Debug|Any CPU
		{BF741F42-243C-4E4F-940C-B7C340DBA874}.Release|Any CPU.ActiveCfg = Release|Any CPU
		{BF741F42-243C-4E4F-940C-B7C340DBA874}.Release|Any CPU.Build.0 = Release|Any CPU
		{BF741F42-243C-4E4F-940C-B7C340DBA874}.Release|x64.ActiveCfg = Release|Any CPU
		{BF741F42-243C-4E4F-940C-B7C340DBA874}.Release|x64.Build.0 = Release|Any CPU
		{BF741F42-243C-4E4F-940C-B7C340DBA874}.Release|x86.ActiveCfg = Release|Any CPU
		{BF741F42-243C-4E4F-940C-B7C340DBA874}.Release|x86.Build.0 = Release|Any CPU
		{904E4925-1789-4ECF-9DBC-7EAB3CBADF4F}.Debug|Any CPU.ActiveCfg = Debug|Any CPU
		{904E4925-1789-4ECF-9DBC-7EAB3CBADF4F}.Debug|Any CPU.Build.0 = Debug|Any CPU
		{904E4925-1789-4ECF-9DBC-7EAB3CBADF4F}.Debug|x64.ActiveCfg = Debug|Any CPU
		{904E4925-1789-4ECF-9DBC-7EAB3CBADF4F}.Debug|x64.Build.0 = Debug|Any CPU
		{904E4925-1789-4ECF-9DBC-7EAB3CBADF4F}.Debug|x86.ActiveCfg = Debug|Any CPU
		{904E4925-1789-4ECF-9DBC-7EAB3CBADF4F}.Debug|x86.Build.0 = Debug|Any CPU
		{904E4925-1789-4ECF-9DBC-7EAB3CBADF4F}.Release|Any CPU.ActiveCfg = Release|Any CPU
		{904E4925-1789-4ECF-9DBC-7EAB3CBADF4F}.Release|Any CPU.Build.0 = Release|Any CPU
		{904E4925-1789-4ECF-9DBC-7EAB3CBADF4F}.Release|x64.ActiveCfg = Release|Any CPU
		{904E4925-1789-4ECF-9DBC-7EAB3CBADF4F}.Release|x64.Build.0 = Release|Any CPU
		{904E4925-1789-4ECF-9DBC-7EAB3CBADF4F}.Release|x86.ActiveCfg = Release|Any CPU
		{904E4925-1789-4ECF-9DBC-7EAB3CBADF4F}.Release|x86.Build.0 = Release|Any CPU
		{E9F77221-BC50-4A6B-89BC-139EC5AAEA86}.Debug|Any CPU.ActiveCfg = Debug|Any CPU
		{E9F77221-BC50-4A6B-89BC-139EC5AAEA86}.Debug|Any CPU.Build.0 = Debug|Any CPU
		{E9F77221-BC50-4A6B-89BC-139EC5AAEA86}.Debug|x64.ActiveCfg = Debug|Any CPU
		{E9F77221-BC50-4A6B-89BC-139EC5AAEA86}.Debug|x64.Build.0 = Debug|Any CPU
		{E9F77221-BC50-4A6B-89BC-139EC5AAEA86}.Debug|x86.ActiveCfg = Debug|Any CPU
		{E9F77221-BC50-4A6B-89BC-139EC5AAEA86}.Debug|x86.Build.0 = Debug|Any CPU
		{E9F77221-BC50-4A6B-89BC-139EC5AAEA86}.Release|Any CPU.ActiveCfg = Release|Any CPU
		{E9F77221-BC50-4A6B-89BC-139EC5AAEA86}.Release|Any CPU.Build.0 = Release|Any CPU
		{E9F77221-BC50-4A6B-89BC-139EC5AAEA86}.Release|x64.ActiveCfg = Release|Any CPU
		{E9F77221-BC50-4A6B-89BC-139EC5AAEA86}.Release|x64.Build.0 = Release|Any CPU
		{E9F77221-BC50-4A6B-89BC-139EC5AAEA86}.Release|x86.ActiveCfg = Release|Any CPU
		{E9F77221-BC50-4A6B-89BC-139EC5AAEA86}.Release|x86.Build.0 = Release|Any CPU
		{ACDC340A-D5D9-4AC9-B31D-682EB31C9765}.Debug|Any CPU.ActiveCfg = Debug|Any CPU
		{ACDC340A-D5D9-4AC9-B31D-682EB31C9765}.Debug|Any CPU.Build.0 = Debug|Any CPU
		{ACDC340A-D5D9-4AC9-B31D-682EB31C9765}.Debug|x64.ActiveCfg = Debug|Any CPU
		{ACDC340A-D5D9-4AC9-B31D-682EB31C9765}.Debug|x64.Build.0 = Debug|Any CPU
		{ACDC340A-D5D9-4AC9-B31D-682EB31C9765}.Debug|x86.ActiveCfg = Debug|Any CPU
		{ACDC340A-D5D9-4AC9-B31D-682EB31C9765}.Debug|x86.Build.0 = Debug|Any CPU
		{ACDC340A-D5D9-4AC9-B31D-682EB31C9765}.Release|Any CPU.ActiveCfg = Release|Any CPU
		{ACDC340A-D5D9-4AC9-B31D-682EB31C9765}.Release|Any CPU.Build.0 = Release|Any CPU
		{ACDC340A-D5D9-4AC9-B31D-682EB31C9765}.Release|x64.ActiveCfg = Release|Any CPU
		{ACDC340A-D5D9-4AC9-B31D-682EB31C9765}.Release|x64.Build.0 = Release|Any CPU
		{ACDC340A-D5D9-4AC9-B31D-682EB31C9765}.Release|x86.ActiveCfg = Release|Any CPU
		{ACDC340A-D5D9-4AC9-B31D-682EB31C9765}.Release|x86.Build.0 = Release|Any CPU
		{BB259937-B1E7-4E63-9938-A3C93873F9B0}.Debug|Any CPU.ActiveCfg = Debug|Any CPU
		{BB259937-B1E7-4E63-9938-A3C93873F9B0}.Debug|Any CPU.Build.0 = Debug|Any CPU
		{BB259937-B1E7-4E63-9938-A3C93873F9B0}.Debug|x64.ActiveCfg = Debug|Any CPU
		{BB259937-B1E7-4E63-9938-A3C93873F9B0}.Debug|x64.Build.0 = Debug|Any CPU
		{BB259937-B1E7-4E63-9938-A3C93873F9B0}.Debug|x86.ActiveCfg = Debug|Any CPU
		{BB259937-B1E7-4E63-9938-A3C93873F9B0}.Debug|x86.Build.0 = Debug|Any CPU
		{BB259937-B1E7-4E63-9938-A3C93873F9B0}.Release|Any CPU.ActiveCfg = Release|Any CPU
		{BB259937-B1E7-4E63-9938-A3C93873F9B0}.Release|Any CPU.Build.0 = Release|Any CPU
		{BB259937-B1E7-4E63-9938-A3C93873F9B0}.Release|x64.ActiveCfg = Release|Any CPU
		{BB259937-B1E7-4E63-9938-A3C93873F9B0}.Release|x64.Build.0 = Release|Any CPU
		{BB259937-B1E7-4E63-9938-A3C93873F9B0}.Release|x86.ActiveCfg = Release|Any CPU
		{BB259937-B1E7-4E63-9938-A3C93873F9B0}.Release|x86.Build.0 = Release|Any CPU
	EndGlobalSection
	GlobalSection(SolutionProperties) = preSolution
		HideSolutionNode = FALSE
	EndGlobalSection
	GlobalSection(NestedProjects) = preSolution
		{BF741F42-243C-4E4F-940C-B7C340DBA874} = {0FC7D30D-BAC8-467C-90BC-CDDE67C8475B}
		{E9F77221-BC50-4A6B-89BC-139EC5AAEA86} = {0FC7D30D-BAC8-467C-90BC-CDDE67C8475B}
		{904E4925-1789-4ECF-9DBC-7EAB3CBADF4F} = {0FC7D30D-BAC8-467C-90BC-CDDE67C8475B}
		{BB259937-B1E7-4E63-9938-A3C93873F9B0} = {0FC7D30D-BAC8-467C-90BC-CDDE67C8475B}
		{ACDC340A-D5D9-4AC9-B31D-682EB31C9765} = {0FC7D30D-BAC8-467C-90BC-CDDE67C8475B}
	EndGlobalSection
EndGlobal
